
Microsoft Visual Studio Solution File, Format Version 12.00
# Visual Studio Version 17
VisualStudioVersion = 17.14.36310.24 d17.14
MinimumVisualStudioVersion = 10.0.40219.1
Project("{FAE04EC0-301F-11D3-BF4B-00C04F79EFBC}") = "WebApplication4", "WebApplication4\WebApplication4.csproj", "{A9932FD7-3926-4FB4-BAD1-F8F7525813D6}"
EndProject
Global
	GlobalSection(SolutionConfigurationPlatforms) = preSolution
		Debug|Any CPU = Debug|Any CPU
		Release|Any CPU = Release|Any CPU
	EndGlobalSection
	GlobalSection(ProjectConfigurationPlatforms) = postSolution
		{A9932FD7-3926-4FB4-BAD1-F8F7525813D6}.Debug|Any CPU.ActiveCfg = Debug|Any CPU
		{A9932FD7-3926-4FB4-BAD1-F8F7525813D6}.Debug|Any CPU.Build.0 = Debug|Any CPU
		{A9932FD7-3926-4FB4-BAD1-F8F7525813D6}.Release|Any CPU.ActiveCfg = Release|Any CPU
		{A9932FD7-3926-4FB4-BAD1-F8F7525813D6}.Release|Any CPU.Build.0 = Release|Any CPU
	EndGlobalSection
	GlobalSection(SolutionProperties) = preSolution
		HideSolutionNode = FALSE
	EndGlobalSection
	GlobalSection(ExtensibilityGlobals) = postSolution
		SolutionGuid = {4FE11F76-9D45-4864-A12F-1C1985EEBBB3}
	EndGlobalSection
EndGlobal
